
Microsoft Visual Studio Solution File, Format Version 12.00
Project("{FAE04EC0-301F-11D3-BF4B-00C04F79EFBC}") = "Bulls_n_cows", "Bulls_n_cows\Bulls_n_cows.csproj", "{276F93F5-B25E-4942-AD4B-7737733AB9A1}"
EndProject
Global
	GlobalSection(SolutionConfigurationPlatforms) = preSolution
		Debug|Any CPU = Debug|Any CPU
		Release|Any CPU = Release|Any CPU
	EndGlobalSection
	GlobalSection(ProjectConfigurationPlatforms) = postSolution
		{276F93F5-B25E-4942-AD4B-7737733AB9A1}.Debug|Any CPU.ActiveCfg = Debug|Any CPU
		{276F93F5-B25E-4942-AD4B-7737733AB9A1}.Debug|Any CPU.Build.0 = Debug|Any CPU
		{276F93F5-B25E-4942-AD4B-7737733AB9A1}.Release|Any CPU.ActiveCfg = Release|Any CPU
		{276F93F5-B25E-4942-AD4B-7737733AB9A1}.Release|Any CPU.Build.0 = Release|Any CPU
	EndGlobalSection
EndGlobal
